
Microsoft Visual Studio Solution File, Format Version 12.00
# Visual Studio 2013
VisualStudioVersion = 12.0.30723.0
MinimumVisualStudioVersion = 10.0.40219.1
Project("{FAE04EC0-301F-11D3-BF4B-00C04F79EFBC}") = "HockeyAppDemo", "HockeyAppDemo\HockeyAppDemo.csproj", "{36A5B9B2-B0A4-4717-906E-3504582289FD}"
EndProject
Project("{FAE04EC0-301F-11D3-BF4B-00C04F79EFBC}") = "HockeySDK_WPF45", "..\..\HockeySDK-Windows\HockeySDK_WPF45\HockeySDK_WPF45.csproj", "{C9612531-2077-4662-B8A4-092E06D5069B}"
EndProject
Project("{FAE04EC0-301F-11D3-BF4B-00C04F79EFBC}") = "HockeySDK_Portable45", "..\..\HockeySDK-Windows\HockeySDK_Portable45\HockeySDK_Portable45.csproj", "{643606BA-84A8-483F-A582-49E472B8701E}"
EndProject
Global
	GlobalSection(SolutionConfigurationPlatforms) = preSolution
		Debug|Any CPU = Debug|Any CPU
		Release|Any CPU = Release|Any CPU
	EndGlobalSection
	GlobalSection(ProjectConfigurationPlatforms) = postSolution
		{36A5B9B2-B0A4-4717-906E-3504582289FD}.Debug|Any CPU.ActiveCfg = Debug|Any CPU
		{36A5B9B2-B0A4-4717-906E-3504582289FD}.Debug|Any CPU.Build.0 = Debug|Any CPU
		{36A5B9B2-B0A4-4717-906E-3504582289FD}.Release|Any CPU.ActiveCfg = Release|Any CPU
		{36A5B9B2-B0A4-4717-906E-3504582289FD}.Release|Any CPU.Build.0 = Release|Any CPU
		{C9612531-2077-4662-B8A4-092E06D5069B}.Debug|Any CPU.ActiveCfg = Debug|Any CPU
		{C9612531-2077-4662-B8A4-092E06D5069B}.Debug|Any CPU.Build.0 = Debug|Any CPU
		{C9612531-2077-4662-B8A4-092E06D5069B}.Release|Any CPU.ActiveCfg = Release|Any CPU
		{C9612531-2077-4662-B8A4-092E06D5069B}.Release|Any CPU.Build.0 = Release|Any CPU
		{643606BA-84A8-483F-A582-49E472B8701E}.Debug|Any CPU.ActiveCfg = Debug|Any CPU
		{643606BA-84A8-483F-A582-49E472B8701E}.Debug|Any CPU.Build.0 = Debug|Any CPU
		{643606BA-84A8-483F-A582-49E472B8701E}.Release|Any CPU.ActiveCfg = Release|Any CPU
		{643606BA-84A8-483F-A582-49E472B8701E}.Release|Any CPU.Build.0 = Release|Any CPU
	EndGlobalSection
	GlobalSection(SolutionProperties) = preSolution
		HideSolutionNode = FALSE
	EndGlobalSection
EndGlobal
